Microsoft Visual Studio Solution File, Format Version 12.00
# Visual Studio Version 17
VisualStudioVersion = 17.5.2.0
MinimumVisualStudioVersion = 10.0.40219.1
Project("{FAE04EC0-301F-11D3-BF4B-00C04F79EFBC}") = "AgendaPro.Api", "AgendaPro.Api\AgendaPro.Api.csproj", "{720C9892-0BE7-2BFB-5872-3A89ED83FB6A}"
EndProject
Project("{FAE04EC0-301F-11D3-BF4B-00C04F79EFBC}") = "AgendaPro.Application", "AgendaPro.Application\AgendaPro.Application.csproj", "{929C9C01-66DC-D7F6-9C08-060676E801D0}"
EndProject
Project("{FAE04EC0-301F-11D3-BF4B-00C04F79EFBC}") = "AgendaPro.Domain", "AgendaPro.Domain\AgendaPro.Domain.csproj", "{3B83E16A-4946-FEF7-ADB1-61FC77D7F654}"
EndProject
Project("{FAE04EC0-301F-11D3-BF4B-00C04F79EFBC}") = "AgendaPro.Infrastucture", "AgendaPro.Infrastucture\AgendaPro.Infrastucture.csproj", "{36C6BF41-AE97-5600-9E01-6D867F1139FF}"
EndProject
Global
	GlobalSection(SolutionConfigurationPlatforms) = preSolution
		Debug|Any CPU = Debug|Any CPU
		Release|Any CPU = Release|Any CPU
	EndGlobalSection
	GlobalSection(ProjectConfigurationPlatforms) = postSolution
		{720C9892-0BE7-2BFB-5872-3A89ED83FB6A}.Debug|Any CPU.ActiveCfg = Debug|Any CPU
		{720C9892-0BE7-2BFB-5872-3A89ED83FB6A}.Debug|Any CPU.Build.0 = Debug|Any CPU
		{720C9892-0BE7-2BFB-5872-3A89ED83FB6A}.Release|Any CPU.ActiveCfg = Release|Any CPU
		{720C9892-0BE7-2BFB-5872-3A89ED83FB6A}.Release|Any CPU.Build.0 = Release|Any CPU
		{929C9C01-66DC-D7F6-9C08-060676E801D0}.Debug|Any CPU.ActiveCfg = Debug|Any CPU
		{929C9C01-66DC-D7F6-9C08-060676E801D0}.Debug|Any CPU.Build.0 = Debug|Any CPU
		{929C9C01-66DC-D7F6-9C08-060676E801D0}.Release|Any CPU.ActiveCfg = Release|Any CPU
		{929C9C01-66DC-D7F6-9C08-060676E801D0}.Release|Any CPU.Build.0 = Release|Any CPU
		{3B83E16A-4946-FEF7-ADB1-61FC77D7F654}.Debug|Any CPU.ActiveCfg = Debug|Any CPU
		{3B83E16A-4946-FEF7-ADB1-61FC77D7F654}.Debug|Any CPU.Build.0 = Debug|Any CPU
		{3B83E16A-4946-FEF7-ADB1-61FC77D7F654}.Release|Any CPU.ActiveCfg = Release|Any CPU
		{3B83E16A-4946-FEF7-ADB1-61FC77D7F654}.Release|Any CPU.Build.0 = Release|Any CPU
		{36C6BF41-AE97-5600-9E01-6D867F1139FF}.Debug|Any CPU.ActiveCfg = Debug|Any CPU
		{36C6BF41-AE97-5600-9E01-6D867F1139FF}.Debug|Any CPU.Build.0 = Debug|Any CPU
		{36C6BF41-AE97-5600-9E01-6D867F1139FF}.Release|Any CPU.ActiveCfg = Release|Any CPU
		{36C6BF41-AE97-5600-9E01-6D867F1139FF}.Release|Any CPU.Build.0 = Release|Any CPU
	EndGlobalSection
	GlobalSection(SolutionProperties) = preSolution
		HideSolutionNode = FALSE
	EndGlobalSection
	GlobalSection(ExtensibilityGlobals) = postSolution
		SolutionGuid = {1A7687FE-2551-4339-A26A-1249C1AEEE6C}
	EndGlobalSection
EndGlobal
